<?xml version="1.0" encoding="utf-8"?>
<Project ToolsVersion="4.0" xmlns="http://schemas.microsoft.com/developer/msbuild/2003">
  <ItemGroup>
    <Filter Include="소스 파일">
      <UniqueIdentifier>{4FC737F1-C7A5-4376-A066-2A32D752A2FF}</UniqueIdentifier>
      <Extensions>cpp;c;cc;cxx;def;odl;idl;hpj;bat;asm;asmx</Extensions>
    </Filter>
    <Filter Include="헤더 파일">
      <UniqueIdentifier>{93995380-89BD-4b04-88EB-625FBE52EBFB}</UniqueIdentifier>
      <Extensions>h;hh;hpp;hxx;hm;inl;inc;xsd</Extensions>
    </Filter>
    <Filter Include="리소스 파일">
      <UniqueIdentifier>{67DA6AB6-F800-4c08-8B7A-83BB121AAD01}</UniqueIdentifier>
      <Extensions>rc;ico;cur;bmp;dlg;rc2;rct;bin;rgs;gif;jpg;jpeg;jpe;resx;tiff;tif;png;wav;mfcribbon-ms</Extensions>
    </Filter>
    <Filter Include="Servaival">
      <UniqueIdentifier>{64a2e16f-10a2-4379-b813-2ac894d6683a}</UniqueIdentifier>
    </Filter>
    <Filter Include="Servaival\Scene">
      <UniqueIdentifier>{a6c0ba14-311b-4c60-942c-83cd95de2787}</UniqueIdentifier>
    </Filter>
    <Filter Include="Servaival\Object">
      <UniqueIdentifier>{d4f5789a-024f-4154-b957-798eb5523720}</UniqueIdentifier>
    </Filter>
  </ItemGroup>
  <ItemGroup>
    <ClCompile Include="main.cpp">
      <Filter>소스 파일</Filter>
    </ClCompile>
    <ClCompile Include="MenuScene.cpp">
      <Filter>Servaival\Scene</Filter>
    </ClCompile>
    <ClCompile Include="Bus.cpp">
      <Filter>Servaival\Object</Filter>
    </ClCompile>
    <ClCompile Include="GameScene.cpp">
      <Filter>Servaival\Scene</Filter>
    </ClCompile>
    <ClCompile Include="LoadScene.cpp">
      <Filter>Servaival\Scene</Filter>
    </ClCompile>
    <ClCompile Include="Serval.cpp">
      <Filter>Servaival\Object</Filter>
    </ClCompile>
    <ClCompile Include="Grass.cpp">
      <Filter>Servaival\Object</Filter>
    </ClCompile>
    <ClCompile Include="Obstacle.cpp">
      <Filter>Servaival\Object</Filter>
    </ClCompile>
    <ClCompile Include="Effect.cpp">
      <Filter>Servaival\Object</Filter>
    </ClCompile>
    <ClCompile Include="RankScene.cpp">
      <Filter>Servaival\Scene</Filter>
    </ClCompile>
  </ItemGroup>
  <ItemGroup>
    <ClInclude Include="MenuScene.h">
      <Filter>Servaival\Scene</Filter>
    </ClInclude>
    <ClInclude Include="Bus.h">
      <Filter>Servaival\Object</Filter>
    </ClInclude>
    <ClInclude Include="GameScene.h">
      <Filter>Servaival\Scene</Filter>
    </ClInclude>
    <ClInclude Include="LoadScene.h">
      <Filter>Servaival\Scene</Filter>
    </ClInclude>
    <ClInclude Include="Serval.h">
      <Filter>Servaival\Object</Filter>
    </ClInclude>
    <ClInclude Include="Grass.h">
      <Filter>Servaival\Object</Filter>
    </ClInclude>
    <ClInclude Include="Obstacle.h">
      <Filter>Servaival\Object</Filter>
    </ClInclude>
    <ClInclude Include="Effect.h">
      <Filter>Servaival\Object</Filter>
    </ClInclude>
    <ClInclude Include="RankScene.h">
      <Filter>Servaival\Scene</Filter>
    </ClInclude>
  </ItemGroup>
</Project>